
Microsoft Visual Studio Solution File, Format Version 12.00
# Visual Studio Version 17
VisualStudioVersion = 17.7.34031.279
MinimumVisualStudioVersion = 10.0.40219.1
Project("{FAE04EC0-301F-11D3-BF4B-00C04F79EFBC}") = "KuaforRandevu.UI", "KuaforRandevuSistemi.UI\KuaforRandevu.UI.csproj", "{8180A5B5-A5BD-4B67-92B6-0BD21797B047}"
EndProject
Project("{FAE04EC0-301F-11D3-BF4B-00C04F79EFBC}") = "KuaforRandevu.DLL", "KuaforRandevu.DLL\KuaforRandevu.DLL.csproj", "{14392E46-7E9B-48DC-A119-926E943A0C34}"
EndProject
Project("{FAE04EC0-301F-11D3-BF4B-00C04F79EFBC}") = "KuaforRandevu.BLL", "KuaforRandevu.BLL\KuaforRandevu.BLL.csproj", "{81C2F22C-395E-4236-B981-6BC743B55D52}"
EndProject
Global
	GlobalSection(SolutionConfigurationPlatforms) = preSolution
		Debug|Any CPU = Debug|Any CPU
		Release|Any CPU = Release|Any CPU
	EndGlobalSection
	GlobalSection(ProjectConfigurationPlatforms) = postSolution
		{8180A5B5-A5BD-4B67-92B6-0BD21797B047}.Debug|Any CPU.ActiveCfg = Debug|Any CPU
		{8180A5B5-A5BD-4B67-92B6-0BD21797B047}.Debug|Any CPU.Build.0 = Debug|Any CPU
		{8180A5B5-A5BD-4B67-92B6-0BD21797B047}.Release|Any CPU.ActiveCfg = Release|Any CPU
		{8180A5B5-A5BD-4B67-92B6-0BD21797B047}.Release|Any CPU.Build.0 = Release|Any CPU
		{14392E46-7E9B-48DC-A119-926E943A0C34}.Debug|Any CPU.ActiveCfg = Debug|Any CPU
		{14392E46-7E9B-48DC-A119-926E943A0C34}.Debug|Any CPU.Build.0 = Debug|Any CPU
		{14392E46-7E9B-48DC-A119-926E943A0C34}.Release|Any CPU.ActiveCfg = Release|Any CPU
		{14392E46-7E9B-48DC-A119-926E943A0C34}.Release|Any CPU.Build.0 = Release|Any CPU
		{81C2F22C-395E-4236-B981-6BC743B55D52}.Debug|Any CPU.ActiveCfg = Debug|Any CPU
		{81C2F22C-395E-4236-B981-6BC743B55D52}.Debug|Any CPU.Build.0 = Debug|Any CPU
		{81C2F22C-395E-4236-B981-6BC743B55D52}.Release|Any CPU.ActiveCfg = Release|Any CPU
		{81C2F22C-395E-4236-B981-6BC743B55D52}.Release|Any CPU.Build.0 = Release|Any CPU
	EndGlobalSection
	GlobalSection(SolutionProperties) = preSolution
		HideSolutionNode = FALSE
	EndGlobalSection
	GlobalSection(ExtensibilityGlobals) = postSolution
		SolutionGuid = {5591DD33-8ED4-40AF-A28B-1C1AC51755B8}
	EndGlobalSection
EndGlobal
